
Microsoft Visual Studio Solution File, Format Version 12.00
# Visual Studio Version 17
VisualStudioVersion = 17.5.33516.290
MinimumVisualStudioVersion = 10.0.40219.1
Project("{FAE04EC0-301F-11D3-BF4B-00C04F79EFBC}") = "UniqueList", "UniqueList.csproj", "{95859B52-92BB-4E45-B627-DC1988BEA7CC}"
EndProject
Project("{FAE04EC0-301F-11D3-BF4B-00C04F79EFBC}") = "UniqueListTests", "UniqueListTests\UniqueListTests.csproj", "{F1021196-AB21-436F-9621-4D13313B881C}"
EndProject
Global
	GlobalSection(SolutionConfigurationPlatforms) = preSolution
		Debug|Any CPU = Debug|Any CPU
		Release|Any CPU = Release|Any CPU
	EndGlobalSection
	GlobalSection(ProjectConfigurationPlatforms) = postSolution
		{95859B52-92BB-4E45-B627-DC1988BEA7CC}.Debug|Any CPU.ActiveCfg = Debug|Any CPU
		{95859B52-92BB-4E45-B627-DC1988BEA7CC}.Debug|Any CPU.Build.0 = Debug|Any CPU
		{95859B52-92BB-4E45-B627-DC1988BEA7CC}.Release|Any CPU.ActiveCfg = Release|Any CPU
		{95859B52-92BB-4E45-B627-DC1988BEA7CC}.Release|Any CPU.Build.0 = Release|Any CPU
		{F1021196-AB21-436F-9621-4D13313B881C}.Debug|Any CPU.ActiveCfg = Debug|Any CPU
		{F1021196-AB21-436F-9621-4D13313B881C}.Debug|Any CPU.Build.0 = Debug|Any CPU
		{F1021196-AB21-436F-9621-4D13313B881C}.Release|Any CPU.ActiveCfg = Release|Any CPU
		{F1021196-AB21-436F-9621-4D13313B881C}.Release|Any CPU.Build.0 = Release|Any CPU
	EndGlobalSection
	GlobalSection(SolutionProperties) = preSolution
		HideSolutionNode = FALSE
	EndGlobalSection
	GlobalSection(ExtensibilityGlobals) = postSolution
		SolutionGuid = {8D5C8DD2-8F8A-48BF-A802-E60448F4E124}
	EndGlobalSection
EndGlobal
